{
  "nodes": {
    "flakeNimbleLib": {
      "inputs": {
        "nixpkgs": [
          "nixpkgs"
        ]
      },
      "locked": {
        "lastModified": 1662018438,
        "narHash": "sha256-QtNtU6+LX3Wokxf0zlFwKTFOcn6TeDjKQZ+DA9OYtvM=",
        "owner": "riinr",
        "repo": "nim-flakes-lib",
        "rev": "b1fe8340736e3a85d25c709ac3dfd82a55c03cbf",
        "type": "github"
      },
      "original": {
        "owner": "riinr",
        "ref": "master",
        "repo": "nim-flakes-lib",
        "type": "github"
      }
    },
    "fltk-master": {
      "inputs": {
        "flakeNimbleLib": [
          "flakeNimbleLib"
        ],
        "nixpkgs": [
          "nixpkgs"
        ],
        "src-fltk-master": "src-fltk-master"
      },
      "locked": {
        "dir": "master",
        "lastModified": 1662254471,
        "narHash": "sha256-lBd/uWVWGH4zBmc+mZgT2ceb2RcY25aN2KHYGFPLnrQ=",
        "owner": "nim-nix-pkgs",
        "repo": "fltk",
        "rev": "6b6406dfee68ae3b8d96101403985cc304babb15",
        "type": "github"
      },
      "original": {
        "dir": "master",
        "owner": "nim-nix-pkgs",
        "ref": "master",
        "repo": "fltk",
        "type": "github"
      }
    },
    "nixpkgs": {
      "locked": {
        "lastModified": 1667110639,
        "narHash": "sha256-4FbPESZ5LbqQxkJJJBAfk/zKgF9h/4kyUwjjpJwYlbc=",
        "owner": "NixOS",
        "repo": "nixpkgs",
        "rev": "f38a1f04d1bec1feb61fd101a0539ae2002a7087",
        "type": "github"
      },
      "original": {
        "id": "nixpkgs",
        "type": "indirect"
      }
    },
    "root": {
      "inputs": {
        "flakeNimbleLib": "flakeNimbleLib",
        "fltk-master": "fltk-master",
        "nixpkgs": "nixpkgs"
      }
    },
    "src-fltk-master": {
      "flake": false,
      "locked": {
        "lastModified": 1562982536,
        "narHash": "sha256-QNS8fIew4B+AZrqQLdwyUNQjZuFf1D9JLcLHy3g02yk=",
        "owner": "Skrylar",
        "repo": "nfltk",
        "rev": "d1b497d74a3be64a11e8b819a482022c611bcfe0",
        "type": "github"
      },
      "original": {
        "owner": "Skrylar",
        "ref": "refs/heads/master",
        "repo": "nfltk",
        "type": "github"
      }
    }
  },
  "root": "root",
  "version": 7
}
